// !$*UTF8*$!
{
	archiveVersion = 1;
	classes = {
	};
	objectVersion = 50;
	objects = {

/* Begin PBXBuildFile section */
		9B57268622D4F46900CD3A6C /* Virtual2D.hpp in Headers */ = {isa = PBXBuildFile; fileRef = 9B57268522D4F46900CD3A6C /* Virtual2D.hpp */; };
		9B57268822D4F46900CD3A6C /* Virtual2DPriv.hpp in Headers */ = {isa = PBXBuildFile; fileRef = 9B57268722D4F46900CD3A6C /* Virtual2DPriv.hpp */; };
		9B57268A22D4F46900CD3A6C /* Virtual2D.cpp in Sources */ = {isa = PBXBuildFile; fileRef = 9B57268922D4F46900CD3A6C /* Virtual2D.cpp */; };
		9B57269322D5174900CD3A6C /* Math.cpp in Sources */ = {isa = PBXBuildFile; fileRef = 9B57269122D5174900CD3A6C /* Math.cpp */; };
		9B57269422D5174900CD3A6C /* Math.hpp in Headers */ = {isa = PBXBuildFile; fileRef = 9B57269222D5174900CD3A6C /* Math.hpp */; };
		9B57269722D519BD00CD3A6C /* settings.cpp in Sources */ = {isa = PBXBuildFile; fileRef = 9B57269522D519BD00CD3A6C /* settings.cpp */; };
		9B57269822D519BD00CD3A6C /* settings.hpp in Headers */ = {isa = PBXBuildFile; fileRef = 9B57269622D519BD00CD3A6C /* settings.hpp */; };
/* End PBXBuildFile section */

/* Begin PBXFileReference section */
		9B57268222D4F46900CD3A6C /* libVirtual2D.dylib */ = {isa = PBXFileReference; explicitFileType = "compiled.mach-o.dylib"; includeInIndex = 0; path = libVirtual2D.dylib; sourceTree = BUILT_PRODUCTS_DIR; };
		9B57268522D4F46900CD3A6C /* Virtual2D.hpp */ = {isa = PBXFileReference; lastKnownFileType = sourcecode.cpp.h; path = Virtual2D.hpp; sourceTree = "<group>"; };
		9B57268722D4F46900CD3A6C /* Virtual2DPriv.hpp */ = {isa = PBXFileReference; lastKnownFileType = sourcecode.cpp.h; path = Virtual2DPriv.hpp; sourceTree = "<group>"; };
		9B57268922D4F46900CD3A6C /* Virtual2D.cpp */ = {isa = PBXFileReference; lastKnownFileType = sourcecode.cpp.cpp; path = Virtual2D.cpp; sourceTree = "<group>"; };
		9B57269122D5174900CD3A6C /* Math.cpp */ = {isa = PBXFileReference; lastKnownFileType = sourcecode.cpp.cpp; path = Math.cpp; sourceTree = "<group>"; };
		9B57269222D5174900CD3A6C /* Math.hpp */ = {isa = PBXFileReference; lastKnownFileType = sourcecode.cpp.h; path = Math.hpp; sourceTree = "<group>"; };
		9B57269522D519BD00CD3A6C /* settings.cpp */ = {isa = PBXFileReference; lastKnownFileType = sourcecode.cpp.cpp; path = settings.cpp; sourceTree = "<group>"; };
		9B57269622D519BD00CD3A6C /* settings.hpp */ = {isa = PBXFileReference; lastKnownFileType = sourcecode.cpp.h; path = settings.hpp; sourceTree = "<group>"; };
/* End PBXFileReference section */

/* Begin PBXFrameworksBuildPhase section */
		9B57268022D4F46900CD3A6C /* Frameworks */ = {
			isa = PBXFrameworksBuildPhase;
			buildActionMask = 2147483647;
			files = (
			);
			runOnlyForDeploymentPostprocessing = 0;
		};
/* End PBXFrameworksBuildPhase section */

/* Begin PBXGroup section */
		9B57267922D4F46900CD3A6C = {
			isa = PBXGroup;
			children = (
				9B57268422D4F46900CD3A6C /* Virtual2D */,
				9B57268322D4F46900CD3A6C /* Products */,
			);
			sourceTree = "<group>";
		};
		9B57268322D4F46900CD3A6C /* Products */ = {
			isa = PBXGroup;
			children = (
				9B57268222D4F46900CD3A6C /* libVirtual2D.dylib */,
			);
			name = Products;
			sourceTree = "<group>";
		};
		9B57268422D4F46900CD3A6C /* Virtual2D */ = {
			isa = PBXGroup;
			children = (
				9B57269022D516D500CD3A6C /* Common */,
				9B57268522D4F46900CD3A6C /* Virtual2D.hpp */,
				9B57268722D4F46900CD3A6C /* Virtual2DPriv.hpp */,
				9B57268922D4F46900CD3A6C /* Virtual2D.cpp */,
			);
			path = Virtual2D;
			sourceTree = "<group>";
		};
		9B57269022D516D500CD3A6C /* Common */ = {
			isa = PBXGroup;
			children = (
				9B57269122D5174900CD3A6C /* Math.cpp */,
				9B57269222D5174900CD3A6C /* Math.hpp */,
				9B57269522D519BD00CD3A6C /* settings.cpp */,
				9B57269622D519BD00CD3A6C /* settings.hpp */,
			);
			path = Common;
			sourceTree = "<group>";
		};
/* End PBXGroup section */

/* Begin PBXHeadersBuildPhase section */
		9B57267E22D4F46900CD3A6C /* Headers */ = {
			isa = PBXHeadersBuildPhase;
			buildActionMask = 2147483647;
			files = (
				9B57268622D4F46900CD3A6C /* Virtual2D.hpp in Headers */,
				9B57269422D5174900CD3A6C /* Math.hpp in Headers */,
				9B57268822D4F46900CD3A6C /* Virtual2DPriv.hpp in Headers */,
				9B57269822D519BD00CD3A6C /* settings.hpp in Headers */,
			);
			runOnlyForDeploymentPostprocessing = 0;
		};
/* End PBXHeadersBuildPhase section */

/* Begin PBXNativeTarget section */
		9B57268122D4F46900CD3A6C /* Virtual2D */ = {
			isa = PBXNativeTarget;
			buildConfigurationList = 9B57268D22D4F46900CD3A6C /* Build configuration list for PBXNativeTarget "Virtual2D" */;
			buildPhases = (
				9B57267E22D4F46900CD3A6C /* Headers */,
				9B57267F22D4F46900CD3A6C /* Sources */,
				9B57268022D4F46900CD3A6C /* Frameworks */,
			);
			buildRules = (
			);
			dependencies = (
			);
			name = Virtual2D;
			productName = Virtual2D;
			productReference = 9B57268222D4F46900CD3A6C /* libVirtual2D.dylib */;
			productType = "com.apple.product-type.library.dynamic";
		};
/* End PBXNativeTarget section */

/* Begin PBXProject section */
		9B57267A22D4F46900CD3A6C /* Project object */ = {
			isa = PBXProject;
			attributes = {
				LastUpgradeCheck = 1020;
				ORGANIZATIONNAME = "Jian Wu";
				TargetAttributes = {
					9B57268122D4F46900CD3A6C = {
						CreatedOnToolsVersion = 10.2.1;
					};
				};
			};
			buildConfigurationList = 9B57267D22D4F46900CD3A6C /* Build configuration list for PBXProject "Virtual2D" */;
			compatibilityVersion = "Xcode 9.3";
			developmentRegion = en;
			hasScannedForEncodings = 0;
			knownRegions = (
				en,
			);
			mainGroup = 9B57267922D4F46900CD3A6C;
			productRefGroup = 9B57268322D4F46900CD3A6C /* Products */;
			projectDirPath = "";
			projectRoot = "";
			targets = (
				9B57268122D4F46900CD3A6C /* Virtual2D */,
			);
		};
/* End PBXProject section */

/* Begin PBXSourcesBuildPhase section */
		9B57267F22D4F46900CD3A6C /* Sources */ = {
			isa = PBXSourcesBuildPhase;
			buildActionMask = 2147483647;
			files = (
				9B57269722D519BD00CD3A6C /* settings.cpp in Sources */,
				9B57268A22D4F46900CD3A6C /* Virtual2D.cpp in Sources */,
				9B57269322D5174900CD3A6C /* Math.cpp in Sources */,
			);
			runOnlyForDeploymentPostprocessing = 0;
		};
/* End PBXSourcesBuildPhase section */

/* Begin XCBuildConfiguration section */
		9B57268B22D4F46900CD3A6C /* Debug */ = {
			isa = XCBuildConfiguration;
			buildSettings = {
				ALWAYS_SEARCH_USER_PATHS = NO;
				CLANG_ANALYZER_NONNULL = YES;
				CLANG_ANALYZER_NUMBER_OBJECT_CONVERSION = YES_AGGRESSIVE;
				CLANG_CXX_LANGUAGE_STANDARD = "gnu++14";
				CLANG_CXX_LIBRARY = "libc++";
				CLANG_ENABLE_MODULES = YES;
				CLANG_ENABLE_OBJC_ARC = YES;
				CLANG_ENABLE_OBJC_WEAK = YES;
				CLANG_WARN_BLOCK_CAPTURE_AUTORELEASING = YES;
				CLANG_WARN_BOOL_CONVERSION = YES;
				CLANG_WARN_COMMA = YES;
				CLANG_WARN_CONSTANT_CONVERSION = YES;
				CLANG_WARN_DEPRECATED_OBJC_IMPLEMENTATIONS = YES;
				CLANG_WARN_DIRECT_OBJC_ISA_USAGE = YES_ERROR;
				CLANG_WARN_DOCUMENTATION_COMMENTS = YES;
				CLANG_WARN_EMPTY_BODY = YES;
				CLANG_WARN_ENUM_CONVERSION = YES;
				CLANG_WARN_INFINITE_RECURSION = YES;
				CLANG_WARN_INT_CONVERSION = YES;
				CLANG_WARN_NON_LITERAL_NULL_CONVERSION = YES;
				CLANG_WARN_OBJC_IMPLICIT_RETAIN_SELF = YES;
				CLANG_WARN_OBJC_LITERAL_CONVERSION = YES;
				CLANG_WARN_OBJC_ROOT_CLASS = YES_ERROR;
				CLANG_WARN_RANGE_LOOP_ANALYSIS = YES;
				CLANG_WARN_STRICT_PROTOTYPES = YES;
				CLANG_WARN_SUSPICIOUS_MOVE = YES;
				CLANG_WARN_UNGUARDED_AVAILABILITY = YES_AGGRESSIVE;
				CLANG_WARN_UNREACHABLE_CODE = YES;
				CLANG_WARN__DUPLICATE_METHOD_MATCH = YES;
				CODE_SIGN_IDENTITY = "-";
				COPY_PHASE_STRIP = NO;
				DEBUG_INFORMATION_FORMAT = dwarf;
				ENABLE_STRICT_OBJC_MSGSEND = YES;
				ENABLE_TESTABILITY = YES;
				GCC_C_LANGUAGE_STANDARD = gnu11;
				GCC_DYNAMIC_NO_PIC = NO;
				GCC_NO_COMMON_BLOCKS = YES;
				GCC_OPTIMIZATION_LEVEL = 0;
				GCC_PREPROCESSOR_DEFINITIONS = (
					"DEBUG=1",
					"$(inherited)",
				);
				GCC_WARN_64_TO_32_BIT_CONVERSION = YES;
				GCC_WARN_ABOUT_RETURN_TYPE = YES_ERROR;
				GCC_WARN_UNDECLARED_SELECTOR = YES;
				GCC_WARN_UNINITIALIZED_AUTOS = YES_AGGRESSIVE;
				GCC_WARN_UNUSED_FUNCTION = YES;
				GCC_WARN_UNUSED_VARIABLE = YES;
				MACOSX_DEPLOYMENT_TARGET = 10.14;
				MTL_ENABLE_DEBUG_INFO = INCLUDE_SOURCE;
				MTL_FAST_MATH = YES;
				ONLY_ACTIVE_ARCH = YES;
				SDKROOT = macosx;
			};
			name = Debug;
		};
		9B57268C22D4F46900CD3A6C /* Release */ = {
			isa = XCBuildConfiguration;
			buildSettings = {
				ALWAYS_SEARCH_USER_PATHS = NO;
				CLANG_ANALYZER_NONNULL = YES;
				CLANG_ANALYZER_NUMBER_OBJECT_CONVERSION = YES_AGGRESSIVE;
				CLANG_CXX_LANGUAGE_STANDARD = "gnu++14";
				CLANG_CXX_LIBRARY = "libc++";
				CLANG_ENABLE_MODULES = YES;
				CLANG_ENABLE_OBJC_ARC = YES;
				CLANG_ENABLE_OBJC_WEAK = YES;
				CLANG_WARN_BLOCK_CAPTURE_AUTORELEASING = YES;
				CLANG_WARN_BOOL_CONVERSION = YES;
				CLANG_WARN_COMMA = YES;
				CLANG_WARN_CONSTANT_CONVERSION = YES;
				CLANG_WARN_DEPRECATED_OBJC_IMPLEMENTATIONS = YES;
				CLANG_WARN_DIRECT_OBJC_ISA_USAGE = YES_ERROR;
				CLANG_WARN_DOCUMENTATION_COMMENTS = YES;
				CLANG_WARN_EMPTY_BODY = YES;
				CLANG_WARN_ENUM_CONVERSION = YES;
				CLANG_WARN_INFINITE_RECURSION = YES;
				CLANG_WARN_INT_CONVERSION = YES;
				CLANG_WARN_NON_LITERAL_NULL_CONVERSION = YES;
				CLANG_WARN_OBJC_IMPLICIT_RETAIN_SELF = YES;
				CLANG_WARN_OBJC_LITERAL_CONVERSION = YES;
				CLANG_WARN_OBJC_ROOT_CLASS = YES_ERROR;
				CLANG_WARN_RANGE_LOOP_ANALYSIS = YES;
				CLANG_WARN_STRICT_PROTOTYPES = YES;
				CLANG_WARN_SUSPICIOUS_MOVE = YES;
				CLANG_WARN_UNGUARDED_AVAILABILITY = YES_AGGRESSIVE;
				CLANG_WARN_UNREACHABLE_CODE = YES;
				CLANG_WARN__DUPLICATE_METHOD_MATCH = YES;
				CODE_SIGN_IDENTITY = "-";
				COPY_PHASE_STRIP = NO;
				DEBUG_INFORMATION_FORMAT = "dwarf-with-dsym";
				ENABLE_NS_ASSERTIONS = NO;
				ENABLE_STRICT_OBJC_MSGSEND = YES;
				GCC_C_LANGUAGE_STANDARD = gnu11;
				GCC_NO_COMMON_BLOCKS = YES;
				GCC_WARN_64_TO_32_BIT_CONVERSION = YES;
				GCC_WARN_ABOUT_RETURN_TYPE = YES_ERROR;
				GCC_WARN_UNDECLARED_SELECTOR = YES;
				GCC_WARN_UNINITIALIZED_AUTOS = YES_AGGRESSIVE;
				GCC_WARN_UNUSED_FUNCTION = YES;
				GCC_WARN_UNUSED_VARIABLE = YES;
				MACOSX_DEPLOYMENT_TARGET = 10.14;
				MTL_ENABLE_DEBUG_INFO = NO;
				MTL_FAST_MATH = YES;
				SDKROOT = macosx;
			};
			name = Release;
		};
		9B57268E22D4F46900CD3A6C /* Debug */ = {
			isa = XCBuildConfiguration;
			buildSettings = {
				CODE_SIGN_STYLE = Automatic;
				DYLIB_COMPATIBILITY_VERSION = 1;
				DYLIB_CURRENT_VERSION = 1;
				EXECUTABLE_PREFIX = lib;
				GCC_ENABLE_CPP_EXCEPTIONS = YES;
				GCC_ENABLE_CPP_RTTI = YES;
				GCC_SYMBOLS_PRIVATE_EXTERN = YES;
				PRODUCT_NAME = "$(TARGET_NAME)";
				SKIP_INSTALL = YES;
			};
			name = Debug;
		};
		9B57268F22D4F46900CD3A6C /* Release */ = {
			isa = XCBuildConfiguration;
			buildSettings = {
				CODE_SIGN_STYLE = Automatic;
				DYLIB_COMPATIBILITY_VERSION = 1;
				DYLIB_CURRENT_VERSION = 1;
				EXECUTABLE_PREFIX = lib;
				GCC_ENABLE_CPP_EXCEPTIONS = YES;
				GCC_ENABLE_CPP_RTTI = YES;
				GCC_SYMBOLS_PRIVATE_EXTERN = YES;
				PRODUCT_NAME = "$(TARGET_NAME)";
				SKIP_INSTALL = YES;
			};
			name = Release;
		};
/* End XCBuildConfiguration section */

/* Begin XCConfigurationList section */
		9B57267D22D4F46900CD3A6C /* Build configuration list for PBXProject "Virtual2D" */ = {
			isa = XCConfigurationList;
			buildConfigurations = (
				9B57268B22D4F46900CD3A6C /* Debug */,
				9B57268C22D4F46900CD3A6C /* Release */,
			);
			defaultConfigurationIsVisible = 0;
			defaultConfigurationName = Release;
		};
		9B57268D22D4F46900CD3A6C /* Build configuration list for PBXNativeTarget "Virtual2D" */ = {
			isa = XCConfigurationList;
			buildConfigurations = (
				9B57268E22D4F46900CD3A6C /* Debug */,
				9B57268F22D4F46900CD3A6C /* Release */,
			);
			defaultConfigurationIsVisible = 0;
			defaultConfigurationName = Release;
		};
/* End XCConfigurationList section */
	};
	rootObject = 9B57267A22D4F46900CD3A6C /* Project object */;
}
